
Microsoft Visual Studio Solution File, Format Version 12.00
# Visual Studio Version 17
VisualStudioVersion = 17.5.33516.290
MinimumVisualStudioVersion = 10.0.40219.1
Project("{FAE04EC0-301F-11D3-BF4B-00C04F79EFBC}") = "SolucionTarea3", "SolucionTarea3\SolucionTarea3.csproj", "{37336486-D129-48C2-9570-BD01948CE57A}"
EndProject
Global
	GlobalSection(SolutionConfigurationPlatforms) = preSolution
		Debug|Any CPU = Debug|Any CPU
		Release|Any CPU = Release|Any CPU
	EndGlobalSection
	GlobalSection(ProjectConfigurationPlatforms) = postSolution
		{37336486-D129-48C2-9570-BD01948CE57A}.Debug|Any CPU.ActiveCfg = Debug|Any CPU
		{37336486-D129-48C2-9570-BD01948CE57A}.Debug|Any CPU.Build.0 = Debug|Any CPU
		{37336486-D129-48C2-9570-BD01948CE57A}.Release|Any CPU.ActiveCfg = Release|Any CPU
		{37336486-D129-48C2-9570-BD01948CE57A}.Release|Any CPU.Build.0 = Release|Any CPU
	EndGlobalSection
	GlobalSection(SolutionProperties) = preSolution
		HideSolutionNode = FALSE
	EndGlobalSection
	GlobalSection(ExtensibilityGlobals) = postSolution
		SolutionGuid = {905D9B3E-A24E-4BCD-9401-064009EF27CF}
	EndGlobalSection
EndGlobal
