
Microsoft Visual Studio Solution File, Format Version 12.00
# Visual Studio Version 17
VisualStudioVersion = 17.5.33516.290
MinimumVisualStudioVersion = 10.0.40219.1
Project("{FAE04EC0-301F-11D3-BF4B-00C04F79EFBC}") = "Secciones_For_Condicion", "Secciones_For_Condicion\Secciones_For_Condicion.csproj", "{82EE3831-E0B1-42D2-93E6-7E70C1F7EE54}"
EndProject
Global
	GlobalSection(SolutionConfigurationPlatforms) = preSolution
		Debug|Any CPU = Debug|Any CPU
		Release|Any CPU = Release|Any CPU
	EndGlobalSection
	GlobalSection(ProjectConfigurationPlatforms) = postSolution
		{82EE3831-E0B1-42D2-93E6-7E70C1F7EE54}.Debug|Any CPU.ActiveCfg = Debug|Any CPU
		{82EE3831-E0B1-42D2-93E6-7E70C1F7EE54}.Debug|Any CPU.Build.0 = Debug|Any CPU
		{82EE3831-E0B1-42D2-93E6-7E70C1F7EE54}.Release|Any CPU.ActiveCfg = Release|Any CPU
		{82EE3831-E0B1-42D2-93E6-7E70C1F7EE54}.Release|Any CPU.Build.0 = Release|Any CPU
	EndGlobalSection
	GlobalSection(SolutionProperties) = preSolution
		HideSolutionNode = FALSE
	EndGlobalSection
	GlobalSection(ExtensibilityGlobals) = postSolution
		SolutionGuid = {CC477B4B-D5C9-4F6A-A795-16C9C8CD40E8}
	EndGlobalSection
EndGlobal
