
Microsoft Visual Studio Solution File, Format Version 12.00
# Visual Studio Version 17
VisualStudioVersion = 17.5.33516.290
MinimumVisualStudioVersion = 10.0.40219.1
Project("{FAE04EC0-301F-11D3-BF4B-00C04F79EFBC}") = "Cuando_Usar_Intrucciones_Iteracion", "Cuando_Usar_Intrucciones_Iteracion\Cuando_Usar_Intrucciones_Iteracion.csproj", "{1DB8BCA4-E10B-4329-82DC-FF99C45B8CDC}"
EndProject
Global
	GlobalSection(SolutionConfigurationPlatforms) = preSolution
		Debug|Any CPU = Debug|Any CPU
		Release|Any CPU = Release|Any CPU
	EndGlobalSection
	GlobalSection(ProjectConfigurationPlatforms) = postSolution
		{1DB8BCA4-E10B-4329-82DC-FF99C45B8CDC}.Debug|Any CPU.ActiveCfg = Debug|Any CPU
		{1DB8BCA4-E10B-4329-82DC-FF99C45B8CDC}.Debug|Any CPU.Build.0 = Debug|Any CPU
		{1DB8BCA4-E10B-4329-82DC-FF99C45B8CDC}.Release|Any CPU.ActiveCfg = Release|Any CPU
		{1DB8BCA4-E10B-4329-82DC-FF99C45B8CDC}.Release|Any CPU.Build.0 = Release|Any CPU
	EndGlobalSection
	GlobalSection(SolutionProperties) = preSolution
		HideSolutionNode = FALSE
	EndGlobalSection
	GlobalSection(ExtensibilityGlobals) = postSolution
		SolutionGuid = {D0461EED-7557-4430-85F9-8BEC3BE4E1E0}
	EndGlobalSection
EndGlobal
