
Microsoft Visual Studio Solution File, Format Version 12.00
# Visual Studio Version 17
VisualStudioVersion = 17.5.33516.290
MinimumVisualStudioVersion = 10.0.40219.1
Project("{FAE04EC0-301F-11D3-BF4B-00C04F79EFBC}") = "Operador_Negacion_!", "Operador_Negacion_!\Operador_Negacion_!.csproj", "{FF846F70-2FA7-4750-ADBF-B8CBBFFD0EEE}"
EndProject
Global
	GlobalSection(SolutionConfigurationPlatforms) = preSolution
		Debug|Any CPU = Debug|Any CPU
		Release|Any CPU = Release|Any CPU
	EndGlobalSection
	GlobalSection(ProjectConfigurationPlatforms) = postSolution
		{FF846F70-2FA7-4750-ADBF-B8CBBFFD0EEE}.Debug|Any CPU.ActiveCfg = Debug|Any CPU
		{FF846F70-2FA7-4750-ADBF-B8CBBFFD0EEE}.Debug|Any CPU.Build.0 = Debug|Any CPU
		{FF846F70-2FA7-4750-ADBF-B8CBBFFD0EEE}.Release|Any CPU.ActiveCfg = Release|Any CPU
		{FF846F70-2FA7-4750-ADBF-B8CBBFFD0EEE}.Release|Any CPU.Build.0 = Release|Any CPU
	EndGlobalSection
	GlobalSection(SolutionProperties) = preSolution
		HideSolutionNode = FALSE
	EndGlobalSection
	GlobalSection(ExtensibilityGlobals) = postSolution
		SolutionGuid = {CDB7CCDF-1B31-464C-93AC-63FBE58899FE}
	EndGlobalSection
EndGlobal
