
Microsoft Visual Studio Solution File, Format Version 12.00
# Visual Studio Version 17
VisualStudioVersion = 17.5.33530.505
MinimumVisualStudioVersion = 10.0.40219.1
Project("{FAE04EC0-301F-11D3-BF4B-00C04F79EFBC}") = "SolucionTarea4Part2", "SolucionTarea4Part2\SolucionTarea4Part2.csproj", "{A8964BDA-61CB-41B1-9CCB-FA6F83D8DAD6}"
EndProject
Global
	GlobalSection(SolutionConfigurationPlatforms) = preSolution
		Debug|Any CPU = Debug|Any CPU
		Release|Any CPU = Release|Any CPU
	EndGlobalSection
	GlobalSection(ProjectConfigurationPlatforms) = postSolution
		{A8964BDA-61CB-41B1-9CCB-FA6F83D8DAD6}.Debug|Any CPU.ActiveCfg = Debug|Any CPU
		{A8964BDA-61CB-41B1-9CCB-FA6F83D8DAD6}.Debug|Any CPU.Build.0 = Debug|Any CPU
		{A8964BDA-61CB-41B1-9CCB-FA6F83D8DAD6}.Release|Any CPU.ActiveCfg = Release|Any CPU
		{A8964BDA-61CB-41B1-9CCB-FA6F83D8DAD6}.Release|Any CPU.Build.0 = Release|Any CPU
	EndGlobalSection
	GlobalSection(SolutionProperties) = preSolution
		HideSolutionNode = FALSE
	EndGlobalSection
	GlobalSection(ExtensibilityGlobals) = postSolution
		SolutionGuid = {9B16104A-37FE-4796-8840-E91BC216184C}
	EndGlobalSection
EndGlobal
