
Microsoft Visual Studio Solution File, Format Version 12.00
# Visual Studio Version 17
VisualStudioVersion = 17.5.33530.505
MinimumVisualStudioVersion = 10.0.40219.1
Project("{FAE04EC0-301F-11D3-BF4B-00C04F79EFBC}") = "EjercicioWhileResetPassword", "EjercicioWhileResetPassword\EjercicioWhileResetPassword.csproj", "{A6BE7E35-404F-4BB0-B252-3E3FF8B06B42}"
EndProject
Global
	GlobalSection(SolutionConfigurationPlatforms) = preSolution
		Debug|Any CPU = Debug|Any CPU
		Release|Any CPU = Release|Any CPU
	EndGlobalSection
	GlobalSection(ProjectConfigurationPlatforms) = postSolution
		{A6BE7E35-404F-4BB0-B252-3E3FF8B06B42}.Debug|Any CPU.ActiveCfg = Debug|Any CPU
		{A6BE7E35-404F-4BB0-B252-3E3FF8B06B42}.Debug|Any CPU.Build.0 = Debug|Any CPU
		{A6BE7E35-404F-4BB0-B252-3E3FF8B06B42}.Release|Any CPU.ActiveCfg = Release|Any CPU
		{A6BE7E35-404F-4BB0-B252-3E3FF8B06B42}.Release|Any CPU.Build.0 = Release|Any CPU
	EndGlobalSection
	GlobalSection(SolutionProperties) = preSolution
		HideSolutionNode = FALSE
	EndGlobalSection
	GlobalSection(ExtensibilityGlobals) = postSolution
		SolutionGuid = {C1F5DA5C-EB4B-4AB5-9E14-EE7C12840393}
	EndGlobalSection
EndGlobal
