
Microsoft Visual Studio Solution File, Format Version 12.00
# Visual Studio Version 17
VisualStudioVersion = 17.5.33516.290
MinimumVisualStudioVersion = 10.0.40219.1
Project("{FAE04EC0-301F-11D3-BF4B-00C04F79EFBC}") = "InstruccionSwitch", "InstruccionSwitch\InstruccionSwitch.csproj", "{5C246842-E978-4202-9864-A9945284E8A6}"
EndProject
Global
	GlobalSection(SolutionConfigurationPlatforms) = preSolution
		Debug|Any CPU = Debug|Any CPU
		Release|Any CPU = Release|Any CPU
	EndGlobalSection
	GlobalSection(ProjectConfigurationPlatforms) = postSolution
		{5C246842-E978-4202-9864-A9945284E8A6}.Debug|Any CPU.ActiveCfg = Debug|Any CPU
		{5C246842-E978-4202-9864-A9945284E8A6}.Debug|Any CPU.Build.0 = Debug|Any CPU
		{5C246842-E978-4202-9864-A9945284E8A6}.Release|Any CPU.ActiveCfg = Release|Any CPU
		{5C246842-E978-4202-9864-A9945284E8A6}.Release|Any CPU.Build.0 = Release|Any CPU
	EndGlobalSection
	GlobalSection(SolutionProperties) = preSolution
		HideSolutionNode = FALSE
	EndGlobalSection
	GlobalSection(ExtensibilityGlobals) = postSolution
		SolutionGuid = {68AA63A2-3DFE-4ACE-B1A1-1A4B85C3D55F}
	EndGlobalSection
EndGlobal
